
Microsoft Visual Studio Solution File, Format Version 12.00
# Visual Studio Version 17
VisualStudioVersion = 17.0.31903.59
MinimumVisualStudioVersion = 10.0.40219.1
Project("{FAE04EC0-301F-11D3-BF4B-00C04F79EFBC}") = "MyRateLimiter", "MyRateLimiter\MyRateLimiter.csproj", "{FF15E809-420E-49E3-B887-C20F40B9F172}"
EndProject
Project("{FAE04EC0-301F-11D3-BF4B-00C04F79EFBC}") = "LoadTester", "LoadTester\LoadTester.csproj", "{045725BB-07AF-4850-A8BE-83D6533BD8E3}"
EndProject
Global
	GlobalSection(SolutionConfigurationPlatforms) = preSolution
		Debug|Any CPU = Debug|Any CPU
		Release|Any CPU = Release|Any CPU
	EndGlobalSection
	GlobalSection(ProjectConfigurationPlatforms) = postSolution
		{FF15E809-420E-49E3-B887-C20F40B9F172}.Debug|Any CPU.ActiveCfg = Debug|Any CPU
		{FF15E809-420E-49E3-B887-C20F40B9F172}.Debug|Any CPU.Build.0 = Debug|Any CPU
		{FF15E809-420E-49E3-B887-C20F40B9F172}.Release|Any CPU.ActiveCfg = Release|Any CPU
		{FF15E809-420E-49E3-B887-C20F40B9F172}.Release|Any CPU.Build.0 = Release|Any CPU
		{045725BB-07AF-4850-A8BE-83D6533BD8E3}.Debug|Any CPU.ActiveCfg = Debug|Any CPU
		{045725BB-07AF-4850-A8BE-83D6533BD8E3}.Debug|Any CPU.Build.0 = Debug|Any CPU
		{045725BB-07AF-4850-A8BE-83D6533BD8E3}.Release|Any CPU.ActiveCfg = Release|Any CPU
		{045725BB-07AF-4850-A8BE-83D6533BD8E3}.Release|Any CPU.Build.0 = Release|Any CPU
	EndGlobalSection
	GlobalSection(SolutionProperties) = preSolution
		HideSolutionNode = FALSE
	EndGlobalSection
	GlobalSection(ExtensibilityGlobals) = postSolution
		SolutionGuid = {31E98A0A-8B5C-444E-91B1-9A58904A09CA}
	EndGlobalSection
EndGlobal
